// !$*UTF8*$!
{
	archiveVersion = 1;
	classes = {
	};
	objectVersion = 46;
	objects = {

/* Begin PBXBuildFile section */
		44397BC21E8A657D00CF9000 /* main.m in Sources */ = {isa = PBXBuildFile; fileRef = 44397BC11E8A657D00CF9000 /* main.m */; };
		444460011E95CB47007A2F66 /* RMSDataDownloadJob.m in Sources */ = {isa = PBXBuildFile; fileRef = 444460001E95CB47007A2F66 /* RMSDataDownloadJob.m */; };
		444460041E962AE4007A2F66 /* RMSEarthPoint.m in Sources */ = {isa = PBXBuildFile; fileRef = 444460031E962AE4007A2F66 /* RMSEarthPoint.m */; };
		44B00F351E9C70DC0038B4DA /* RMSEarthObservationSatellite.m in Sources */ = {isa = PBXBuildFile; fileRef = 44B00F321E9C70DC0038B4DA /* RMSEarthObservationSatellite.m */; };
		44B00F361E9C70DC0038B4DA /* RMSMath.m in Sources */ = {isa = PBXBuildFile; fileRef = 44B00F341E9C70DC0038B4DA /* RMSMath.m */; };
		44E0E0581E8CA3D300097D4A /* RMSSysthesisCalculateCenter.m in Sources */ = {isa = PBXBuildFile; fileRef = 44E0E0571E8CA3D300097D4A /* RMSSysthesisCalculateCenter.m */; };
		44E0E05B1E8CA42C00097D4A /* RMSCoreCenter.m in Sources */ = {isa = PBXBuildFile; fileRef = 44E0E05A1E8CA42C00097D4A /* RMSCoreCenter.m */; };
		44E0E0641E8CB15C00097D4A /* RMSSatellite.m in Sources */ = {isa = PBXBuildFile; fileRef = 44E0E0631E8CB15C00097D4A /* RMSSatellite.m */; };
		44E0E06F1E8CD18900097D4A /* RMSImageDataUnit.m in Sources */ = {isa = PBXBuildFile; fileRef = 44E0E06E1E8CD18900097D4A /* RMSImageDataUnit.m */; };
		44E0E0721E8CFFB400097D4A /* RMSDataDownloadRequest.m in Sources */ = {isa = PBXBuildFile; fileRef = 44E0E0711E8CFFB400097D4A /* RMSDataDownloadRequest.m */; };
		44E0E07E1E8D097800097D4A /* RMSDataRelaySatellite.m in Sources */ = {isa = PBXBuildFile; fileRef = 44E0E07D1E8D097800097D4A /* RMSDataRelaySatellite.m */; };
/* End PBXBuildFile section */

/* Begin PBXCopyFilesBuildPhase section */
		44397BBC1E8A657D00CF9000 /* CopyFiles */ = {
			isa = PBXCopyFilesBuildPhase;
			buildActionMask = 2147483647;
			dstPath = /usr/share/man/man1/;
			dstSubfolderSpec = 0;
			files = (
			);
			runOnlyForDeploymentPostprocessing = 1;
		};
/* End PBXCopyFilesBuildPhase section */

/* Begin PBXFileReference section */
		44397BBE1E8A657D00CF9000 /* PaperRMS */ = {isa = PBXFileReference; explicitFileType = "compiled.mach-o.executable"; includeInIndex = 0; path = PaperRMS; sourceTree = BUILT_PRODUCTS_DIR; };
		44397BC11E8A657D00CF9000 /* main.m */ = {isa = PBXFileReference; lastKnownFileType = sourcecode.c.objc; path = main.m; sourceTree = "<group>"; };
		44445FFF1E95CB47007A2F66 /* RMSDataDownloadJob.h */ = {isa = PBXFileReference; fileEncoding = 4; lastKnownFileType = sourcecode.c.h; path = RMSDataDownloadJob.h; sourceTree = "<group>"; };
		444460001E95CB47007A2F66 /* RMSDataDownloadJob.m */ = {isa = PBXFileReference; fileEncoding = 4; lastKnownFileType = sourcecode.c.objc; path = RMSDataDownloadJob.m; sourceTree = "<group>"; };
		444460021E962AE4007A2F66 /* RMSEarthPoint.h */ = {isa = PBXFileReference; fileEncoding = 4; lastKnownFileType = sourcecode.c.h; path = RMSEarthPoint.h; sourceTree = "<group>"; };
		444460031E962AE4007A2F66 /* RMSEarthPoint.m */ = {isa = PBXFileReference; fileEncoding = 4; lastKnownFileType = sourcecode.c.objc; path = RMSEarthPoint.m; sourceTree = "<group>"; };
		44B00F311E9C70DC0038B4DA /* RMSEarthObservationSatellite.h */ = {isa = PBXFileReference; fileEncoding = 4; lastKnownFileType = sourcecode.c.h; path = RMSEarthObservationSatellite.h; sourceTree = "<group>"; };
		44B00F321E9C70DC0038B4DA /* RMSEarthObservationSatellite.m */ = {isa = PBXFileReference; fileEncoding = 4; lastKnownFileType = sourcecode.c.objc; path = RMSEarthObservationSatellite.m; sourceTree = "<group>"; };
		44B00F331E9C70DC0038B4DA /* RMSMath.h */ = {isa = PBXFileReference; fileEncoding = 4; lastKnownFileType = sourcecode.c.h; path = RMSMath.h; sourceTree = "<group>"; };
		44B00F341E9C70DC0038B4DA /* RMSMath.m */ = {isa = PBXFileReference; fileEncoding = 4; lastKnownFileType = sourcecode.c.objc; path = RMSMath.m; sourceTree = "<group>"; };
		44E0E0561E8CA3D300097D4A /* RMSSysthesisCalculateCenter.h */ = {isa = PBXFileReference; fileEncoding = 4; lastKnownFileType = sourcecode.c.h; path = RMSSysthesisCalculateCenter.h; sourceTree = "<group>"; };
		44E0E0571E8CA3D300097D4A /* RMSSysthesisCalculateCenter.m */ = {isa = PBXFileReference; fileEncoding = 4; lastKnownFileType = sourcecode.c.objc; path = RMSSysthesisCalculateCenter.m; sourceTree = "<group>"; };
		44E0E0591E8CA42C00097D4A /* RMSCoreCenter.h */ = {isa = PBXFileReference; fileEncoding = 4; lastKnownFileType = sourcecode.c.h; path = RMSCoreCenter.h; sourceTree = "<group>"; };
		44E0E05A1E8CA42C00097D4A /* RMSCoreCenter.m */ = {isa = PBXFileReference; fileEncoding = 4; lastKnownFileType = sourcecode.c.objc; path = RMSCoreCenter.m; sourceTree = "<group>"; };
		44E0E0621E8CB15C00097D4A /* RMSSatellite.h */ = {isa = PBXFileReference; fileEncoding = 4; lastKnownFileType = sourcecode.c.h; path = RMSSatellite.h; sourceTree = "<group>"; };
		44E0E0631E8CB15C00097D4A /* RMSSatellite.m */ = {isa = PBXFileReference; fileEncoding = 4; lastKnownFileType = sourcecode.c.objc; path = RMSSatellite.m; sourceTree = "<group>"; };
		44E0E06B1E8CCF1600097D4A /* SystemMeasureUnit.h */ = {isa = PBXFileReference; fileEncoding = 4; lastKnownFileType = sourcecode.c.h; path = SystemMeasureUnit.h; sourceTree = "<group>"; };
		44E0E06C1E8CCFD000097D4A /* PrefixHeader.pch */ = {isa = PBXFileReference; fileEncoding = 4; lastKnownFileType = sourcecode.c.h; path = PrefixHeader.pch; sourceTree = "<group>"; };
		44E0E06D1E8CD18900097D4A /* RMSImageDataUnit.h */ = {isa = PBXFileReference; fileEncoding = 4; lastKnownFileType = sourcecode.c.h; path = RMSImageDataUnit.h; sourceTree = "<group>"; };
		44E0E06E1E8CD18900097D4A /* RMSImageDataUnit.m */ = {isa = PBXFileReference; fileEncoding = 4; lastKnownFileType = sourcecode.c.objc; path = RMSImageDataUnit.m; sourceTree = "<group>"; };
		44E0E0701E8CFFB400097D4A /* RMSDataDownloadRequest.h */ = {isa = PBXFileReference; fileEncoding = 4; lastKnownFileType = sourcecode.c.h; path = RMSDataDownloadRequest.h; sourceTree = "<group>"; };
		44E0E0711E8CFFB400097D4A /* RMSDataDownloadRequest.m */ = {isa = PBXFileReference; fileEncoding = 4; lastKnownFileType = sourcecode.c.objc; path = RMSDataDownloadRequest.m; sourceTree = "<group>"; };
		44E0E07C1E8D097800097D4A /* RMSDataRelaySatellite.h */ = {isa = PBXFileReference; fileEncoding = 4; lastKnownFileType = sourcecode.c.h; path = RMSDataRelaySatellite.h; sourceTree = "<group>"; };
		44E0E07D1E8D097800097D4A /* RMSDataRelaySatellite.m */ = {isa = PBXFileReference; fileEncoding = 4; lastKnownFileType = sourcecode.c.objc; path = RMSDataRelaySatellite.m; sourceTree = "<group>"; };
/* End PBXFileReference section */

/* Begin PBXFrameworksBuildPhase section */
		44397BBB1E8A657D00CF9000 /* Frameworks */ = {
			isa = PBXFrameworksBuildPhase;
			buildActionMask = 2147483647;
			files = (
			);
			runOnlyForDeploymentPostprocessing = 0;
		};
/* End PBXFrameworksBuildPhase section */

/* Begin PBXGroup section */
		44397BB51E8A657D00CF9000 = {
			isa = PBXGroup;
			children = (
				44397BC01E8A657D00CF9000 /* PaperRMS */,
				44397BBF1E8A657D00CF9000 /* Products */,
			);
			sourceTree = "<group>";
		};
		44397BBF1E8A657D00CF9000 /* Products */ = {
			isa = PBXGroup;
			children = (
				44397BBE1E8A657D00CF9000 /* PaperRMS */,
			);
			name = Products;
			sourceTree = "<group>";
		};
		44397BC01E8A657D00CF9000 /* PaperRMS */ = {
			isa = PBXGroup;
			children = (
				44B00F311E9C70DC0038B4DA /* RMSEarthObservationSatellite.h */,
				44B00F321E9C70DC0038B4DA /* RMSEarthObservationSatellite.m */,
				44B00F331E9C70DC0038B4DA /* RMSMath.h */,
				44B00F341E9C70DC0038B4DA /* RMSMath.m */,
				44E0E0561E8CA3D300097D4A /* RMSSysthesisCalculateCenter.h */,
				44E0E0571E8CA3D300097D4A /* RMSSysthesisCalculateCenter.m */,
				44E0E0591E8CA42C00097D4A /* RMSCoreCenter.h */,
				44E0E05A1E8CA42C00097D4A /* RMSCoreCenter.m */,
				44E0E0621E8CB15C00097D4A /* RMSSatellite.h */,
				44E0E0631E8CB15C00097D4A /* RMSSatellite.m */,
				44397BC11E8A657D00CF9000 /* main.m */,
				44E0E06B1E8CCF1600097D4A /* SystemMeasureUnit.h */,
				44E0E06C1E8CCFD000097D4A /* PrefixHeader.pch */,
				44E0E06D1E8CD18900097D4A /* RMSImageDataUnit.h */,
				44E0E06E1E8CD18900097D4A /* RMSImageDataUnit.m */,
				44E0E0701E8CFFB400097D4A /* RMSDataDownloadRequest.h */,
				44E0E0711E8CFFB400097D4A /* RMSDataDownloadRequest.m */,
				44E0E07C1E8D097800097D4A /* RMSDataRelaySatellite.h */,
				44E0E07D1E8D097800097D4A /* RMSDataRelaySatellite.m */,
				44445FFF1E95CB47007A2F66 /* RMSDataDownloadJob.h */,
				444460001E95CB47007A2F66 /* RMSDataDownloadJob.m */,
				444460021E962AE4007A2F66 /* RMSEarthPoint.h */,
				444460031E962AE4007A2F66 /* RMSEarthPoint.m */,
			);
			path = PaperRMS;
			sourceTree = "<group>";
		};
/* End PBXGroup section */

/* Begin PBXNativeTarget section */
		44397BBD1E8A657D00CF9000 /* PaperRMS */ = {
			isa = PBXNativeTarget;
			buildConfigurationList = 44397BC51E8A657D00CF9000 /* Build configuration list for PBXNativeTarget "PaperRMS" */;
			buildPhases = (
				44397BBA1E8A657D00CF9000 /* Sources */,
				44397BBB1E8A657D00CF9000 /* Frameworks */,
				44397BBC1E8A657D00CF9000 /* CopyFiles */,
			);
			buildRules = (
			);
			dependencies = (
			);
			name = PaperRMS;
			productName = PaperRMS;
			productReference = 44397BBE1E8A657D00CF9000 /* PaperRMS */;
			productType = "com.apple.product-type.tool";
		};
/* End PBXNativeTarget section */

/* Begin PBXProject section */
		44397BB61E8A657D00CF9000 /* Project object */ = {
			isa = PBXProject;
			attributes = {
				LastUpgradeCheck = 0820;
				ORGANIZATIONNAME = overcode;
				TargetAttributes = {
					44397BBD1E8A657D00CF9000 = {
						CreatedOnToolsVersion = 8.2.1;
						DevelopmentTeam = A535C7GTCH;
						ProvisioningStyle = Automatic;
					};
				};
			};
			buildConfigurationList = 44397BB91E8A657D00CF9000 /* Build configuration list for PBXProject "PaperRMS" */;
			compatibilityVersion = "Xcode 3.2";
			developmentRegion = English;
			hasScannedForEncodings = 0;
			knownRegions = (
				en,
			);
			mainGroup = 44397BB51E8A657D00CF9000;
			productRefGroup = 44397BBF1E8A657D00CF9000 /* Products */;
			projectDirPath = "";
			projectRoot = "";
			targets = (
				44397BBD1E8A657D00CF9000 /* PaperRMS */,
			);
		};
/* End PBXProject section */

/* Begin PBXSourcesBuildPhase section */
		44397BBA1E8A657D00CF9000 /* Sources */ = {
			isa = PBXSourcesBuildPhase;
			buildActionMask = 2147483647;
			files = (
				44E0E07E1E8D097800097D4A /* RMSDataRelaySatellite.m in Sources */,
				44E0E0721E8CFFB400097D4A /* RMSDataDownloadRequest.m in Sources */,
				44E0E0581E8CA3D300097D4A /* RMSSysthesisCalculateCenter.m in Sources */,
				44E0E0641E8CB15C00097D4A /* RMSSatellite.m in Sources */,
				444460041E962AE4007A2F66 /* RMSEarthPoint.m in Sources */,
				444460011E95CB47007A2F66 /* RMSDataDownloadJob.m in Sources */,
				44B00F351E9C70DC0038B4DA /* RMSEarthObservationSatellite.m in Sources */,
				44B00F361E9C70DC0038B4DA /* RMSMath.m in Sources */,
				44E0E05B1E8CA42C00097D4A /* RMSCoreCenter.m in Sources */,
				44397BC21E8A657D00CF9000 /* main.m in Sources */,
				44E0E06F1E8CD18900097D4A /* RMSImageDataUnit.m in Sources */,
			);
			runOnlyForDeploymentPostprocessing = 0;
		};
/* End PBXSourcesBuildPhase section */

/* Begin XCBuildConfiguration section */
		44397BC31E8A657D00CF9000 /* Debug */ = {
			isa = XCBuildConfiguration;
			buildSettings = {
				ALWAYS_SEARCH_USER_PATHS = NO;
				CLANG_ANALYZER_NONNULL = YES;
				CLANG_CXX_LANGUAGE_STANDARD = "gnu++0x";
				CLANG_CXX_LIBRARY = "libc++";
				CLANG_ENABLE_MODULES = YES;
				CLANG_ENABLE_OBJC_ARC = YES;
				CLANG_WARN_BOOL_CONVERSION = YES;
				CLANG_WARN_CONSTANT_CONVERSION = YES;
				CLANG_WARN_DIRECT_OBJC_ISA_USAGE = YES_ERROR;
				CLANG_WARN_DOCUMENTATION_COMMENTS = YES;
				CLANG_WARN_EMPTY_BODY = YES;
				CLANG_WARN_ENUM_CONVERSION = YES;
				CLANG_WARN_INFINITE_RECURSION = YES;
				CLANG_WARN_INT_CONVERSION = YES;
				CLANG_WARN_OBJC_ROOT_CLASS = YES_ERROR;
				CLANG_WARN_SUSPICIOUS_MOVE = YES;
				CLANG_WARN_UNREACHABLE_CODE = YES;
				CLANG_WARN__DUPLICATE_METHOD_MATCH = YES;
				CODE_SIGN_IDENTITY = "-";
				COPY_PHASE_STRIP = NO;
				DEBUG_INFORMATION_FORMAT = dwarf;
				ENABLE_STRICT_OBJC_MSGSEND = YES;
				ENABLE_TESTABILITY = YES;
				GCC_C_LANGUAGE_STANDARD = gnu99;
				GCC_DYNAMIC_NO_PIC = NO;
				GCC_NO_COMMON_BLOCKS = YES;
				GCC_OPTIMIZATION_LEVEL = 0;
				GCC_PREPROCESSOR_DEFINITIONS = (
					"DEBUG=1",
					"$(inherited)",
				);
				GCC_WARN_64_TO_32_BIT_CONVERSION = YES;
				GCC_WARN_ABOUT_RETURN_TYPE = YES_ERROR;
				GCC_WARN_UNDECLARED_SELECTOR = YES;
				GCC_WARN_UNINITIALIZED_AUTOS = YES_AGGRESSIVE;
				GCC_WARN_UNUSED_FUNCTION = YES;
				GCC_WARN_UNUSED_VARIABLE = YES;
				MACOSX_DEPLOYMENT_TARGET = 10.12;
				MTL_ENABLE_DEBUG_INFO = YES;
				ONLY_ACTIVE_ARCH = YES;
				SDKROOT = macosx;
			};
			name = Debug;
		};
		44397BC41E8A657D00CF9000 /* Release */ = {
			isa = XCBuildConfiguration;
			buildSettings = {
				ALWAYS_SEARCH_USER_PATHS = NO;
				CLANG_ANALYZER_NONNULL = YES;
				CLANG_CXX_LANGUAGE_STANDARD = "gnu++0x";
				CLANG_CXX_LIBRARY = "libc++";
				CLANG_ENABLE_MODULES = YES;
				CLANG_ENABLE_OBJC_ARC = YES;
				CLANG_WARN_BOOL_CONVERSION = YES;
				CLANG_WARN_CONSTANT_CONVERSION = YES;
				CLANG_WARN_DIRECT_OBJC_ISA_USAGE = YES_ERROR;
				CLANG_WARN_DOCUMENTATION_COMMENTS = YES;
				CLANG_WARN_EMPTY_BODY = YES;
				CLANG_WARN_ENUM_CONVERSION = YES;
				CLANG_WARN_INFINITE_RECURSION = YES;
				CLANG_WARN_INT_CONVERSION = YES;
				CLANG_WARN_OBJC_ROOT_CLASS = YES_ERROR;
				CLANG_WARN_SUSPICIOUS_MOVE = YES;
				CLANG_WARN_UNREACHABLE_CODE = YES;
				CLANG_WARN__DUPLICATE_METHOD_MATCH = YES;
				CODE_SIGN_IDENTITY = "-";
				COPY_PHASE_STRIP = NO;
				DEBUG_INFORMATION_FORMAT = "dwarf-with-dsym";
				ENABLE_NS_ASSERTIONS = NO;
				ENABLE_STRICT_OBJC_MSGSEND = YES;
				GCC_C_LANGUAGE_STANDARD = gnu99;
				GCC_NO_COMMON_BLOCKS = YES;
				GCC_WARN_64_TO_32_BIT_CONVERSION = YES;
				GCC_WARN_ABOUT_RETURN_TYPE = YES_ERROR;
				GCC_WARN_UNDECLARED_SELECTOR = YES;
				GCC_WARN_UNINITIALIZED_AUTOS = YES_AGGRESSIVE;
				GCC_WARN_UNUSED_FUNCTION = YES;
				GCC_WARN_UNUSED_VARIABLE = YES;
				MACOSX_DEPLOYMENT_TARGET = 10.12;
				MTL_ENABLE_DEBUG_INFO = NO;
				SDKROOT = macosx;
			};
			name = Release;
		};
		44397BC61E8A657D00CF9000 /* Debug */ = {
			isa = XCBuildConfiguration;
			buildSettings = {
				DEVELOPMENT_TEAM = A535C7GTCH;
				GCC_PREFIX_HEADER = "$(SRCROOT)/PaperRMS/PrefixHeader.pch";
				PRODUCT_NAME = "$(TARGET_NAME)";
			};
			name = Debug;
		};
		44397BC71E8A657D00CF9000 /* Release */ = {
			isa = XCBuildConfiguration;
			buildSettings = {
				DEVELOPMENT_TEAM = A535C7GTCH;
				GCC_PREFIX_HEADER = "$(SRCROOT)/PaperRMS/PrefixHeader.pch";
				PRODUCT_NAME = "$(TARGET_NAME)";
			};
			name = Release;
		};
/* End XCBuildConfiguration section */

/* Begin XCConfigurationList section */
		44397BB91E8A657D00CF9000 /* Build configuration list for PBXProject "PaperRMS" */ = {
			isa = XCConfigurationList;
			buildConfigurations = (
				44397BC31E8A657D00CF9000 /* Debug */,
				44397BC41E8A657D00CF9000 /* Release */,
			);
			defaultConfigurationIsVisible = 0;
			defaultConfigurationName = Release;
		};
		44397BC51E8A657D00CF9000 /* Build configuration list for PBXNativeTarget "PaperRMS" */ = {
			isa = XCConfigurationList;
			buildConfigurations = (
				44397BC61E8A657D00CF9000 /* Debug */,
				44397BC71E8A657D00CF9000 /* Release */,
			);
			defaultConfigurationIsVisible = 0;
			defaultConfigurationName = Release;
		};
/* End XCConfigurationList section */
	};
	rootObject = 44397BB61E8A657D00CF9000 /* Project object */;
}
